
Microsoft Visual Studio Solution File, Format Version 12.00
# Visual Studio Version 17
VisualStudioVersion = 17.1.32407.343
MinimumVisualStudioVersion = 10.0.40219.1
Project("{2150E333-8FDC-42A3-9474-1A3956D46DE8}") = "Services", "Services", "{C6039739-0751-404B-9DDB-331538CB5E28}"
EndProject
Project("{2150E333-8FDC-42A3-9474-1A3956D46DE8}") = "Shop", "Shop", "{1BA02292-AC5C-422B-8BCD-E280CEEC3D7B}"
EndProject
Project("{2150E333-8FDC-42A3-9474-1A3956D46DE8}") = "Solution Items", "Solution Items", "{E19C2C96-FA1F-4F20-81C7-28362AA6E0F4}"
	ProjectSection(SolutionItems) = preProject
		Note.txt = Note.txt
	EndProjectSection
EndProject
Project("{9A19103F-16F7-4668-BE54-9A1E7A4F7556}") = "Shop.API", "Services\Shop\API\Shop.API.csproj", "{0497D0EC-B741-4591-B600-5CF64119503A}"
EndProject
Project("{9A19103F-16F7-4668-BE54-9A1E7A4F7556}") = "Shop.Application", "Services\Shop\Application\Shop.Application.csproj", "{9D16CB7D-C668-4A54-A4A5-1AD2C7BE5D75}"
EndProject
Project("{9A19103F-16F7-4668-BE54-9A1E7A4F7556}") = "Shop.Core", "Services\Shop\Core\Shop.Core.csproj", "{862DFE3D-787C-4D33-B6F4-8258191340B5}"
EndProject
Project("{9A19103F-16F7-4668-BE54-9A1E7A4F7556}") = "Shop.Infrastructure", "Services\Shop\Infrastructure\Shop.Infrastructure.csproj", "{0BADE9C4-F06C-45CD-BC2A-F3BA79C2D882}"
EndProject
Project("{2150E333-8FDC-42A3-9474-1A3956D46DE8}") = "Catalog", "Catalog", "{CA39EA34-DCD7-404F-8637-49B11292183F}"
EndProject
Project("{FAE04EC0-301F-11D3-BF4B-00C04F79EFBC}") = "Catalog.API", "Services\Catalog\Catalog.API\Catalog.API.csproj", "{17F591F1-6B33-45C5-9B56-14AB92412ED2}"
EndProject
Global
	GlobalSection(SolutionConfigurationPlatforms) = preSolution
		Debug|Any CPU = Debug|Any CPU
		Release|Any CPU = Release|Any CPU
	EndGlobalSection
	GlobalSection(ProjectConfigurationPlatforms) = postSolution
		{0497D0EC-B741-4591-B600-5CF64119503A}.Debug|Any CPU.ActiveCfg = Debug|Any CPU
		{0497D0EC-B741-4591-B600-5CF64119503A}.Debug|Any CPU.Build.0 = Debug|Any CPU
		{0497D0EC-B741-4591-B600-5CF64119503A}.Release|Any CPU.ActiveCfg = Release|Any CPU
		{0497D0EC-B741-4591-B600-5CF64119503A}.Release|Any CPU.Build.0 = Release|Any CPU
		{9D16CB7D-C668-4A54-A4A5-1AD2C7BE5D75}.Debug|Any CPU.ActiveCfg = Debug|Any CPU
		{9D16CB7D-C668-4A54-A4A5-1AD2C7BE5D75}.Debug|Any CPU.Build.0 = Debug|Any CPU
		{9D16CB7D-C668-4A54-A4A5-1AD2C7BE5D75}.Release|Any CPU.ActiveCfg = Release|Any CPU
		{9D16CB7D-C668-4A54-A4A5-1AD2C7BE5D75}.Release|Any CPU.Build.0 = Release|Any CPU
		{862DFE3D-787C-4D33-B6F4-8258191340B5}.Debug|Any CPU.ActiveCfg = Debug|Any CPU
		{862DFE3D-787C-4D33-B6F4-8258191340B5}.Debug|Any CPU.Build.0 = Debug|Any CPU
		{862DFE3D-787C-4D33-B6F4-8258191340B5}.Release|Any CPU.ActiveCfg = Release|Any CPU
		{862DFE3D-787C-4D33-B6F4-8258191340B5}.Release|Any CPU.Build.0 = Release|Any CPU
		{0BADE9C4-F06C-45CD-BC2A-F3BA79C2D882}.Debug|Any CPU.ActiveCfg = Debug|Any CPU
		{0BADE9C4-F06C-45CD-BC2A-F3BA79C2D882}.Debug|Any CPU.Build.0 = Debug|Any CPU
		{0BADE9C4-F06C-45CD-BC2A-F3BA79C2D882}.Release|Any CPU.ActiveCfg = Release|Any CPU
		{0BADE9C4-F06C-45CD-BC2A-F3BA79C2D882}.Release|Any CPU.Build.0 = Release|Any CPU
		{17F591F1-6B33-45C5-9B56-14AB92412ED2}.Debug|Any CPU.ActiveCfg = Debug|Any CPU
		{17F591F1-6B33-45C5-9B56-14AB92412ED2}.Debug|Any CPU.Build.0 = Debug|Any CPU
		{17F591F1-6B33-45C5-9B56-14AB92412ED2}.Release|Any CPU.ActiveCfg = Release|Any CPU
		{17F591F1-6B33-45C5-9B56-14AB92412ED2}.Release|Any CPU.Build.0 = Release|Any CPU
	EndGlobalSection
	GlobalSection(SolutionProperties) = preSolution
		HideSolutionNode = FALSE
	EndGlobalSection
	GlobalSection(NestedProjects) = preSolution
		{1BA02292-AC5C-422B-8BCD-E280CEEC3D7B} = {C6039739-0751-404B-9DDB-331538CB5E28}
		{0497D0EC-B741-4591-B600-5CF64119503A} = {1BA02292-AC5C-422B-8BCD-E280CEEC3D7B}
		{9D16CB7D-C668-4A54-A4A5-1AD2C7BE5D75} = {1BA02292-AC5C-422B-8BCD-E280CEEC3D7B}
		{862DFE3D-787C-4D33-B6F4-8258191340B5} = {1BA02292-AC5C-422B-8BCD-E280CEEC3D7B}
		{0BADE9C4-F06C-45CD-BC2A-F3BA79C2D882} = {1BA02292-AC5C-422B-8BCD-E280CEEC3D7B}
		{CA39EA34-DCD7-404F-8637-49B11292183F} = {C6039739-0751-404B-9DDB-331538CB5E28}
		{17F591F1-6B33-45C5-9B56-14AB92412ED2} = {CA39EA34-DCD7-404F-8637-49B11292183F}
	EndGlobalSection
	GlobalSection(ExtensibilityGlobals) = postSolution
		SolutionGuid = {4A795937-781A-464B-A9A5-1044AC0B435A}
	EndGlobalSection
EndGlobal
