
Microsoft Visual Studio Solution File, Format Version 12.00
# Visual Studio Version 17
VisualStudioVersion = 17.1.32407.343
MinimumVisualStudioVersion = 10.0.40219.1
Project("{2150E333-8FDC-42A3-9474-1A3956D46DE8}") = "Services", "Services", "{C6039739-0751-404B-9DDB-331538CB5E28}"
EndProject
Project("{2150E333-8FDC-42A3-9474-1A3956D46DE8}") = "Shop", "Shop", "{1BA02292-AC5C-422B-8BCD-E280CEEC3D7B}"
EndProject
Project("{2150E333-8FDC-42A3-9474-1A3956D46DE8}") = "Solution Items", "Solution Items", "{E19C2C96-FA1F-4F20-81C7-28362AA6E0F4}"
	ProjectSection(SolutionItems) = preProject
		Note.txt = Note.txt
	EndProjectSection
EndProject
Project("{9A19103F-16F7-4668-BE54-9A1E7A4F7556}") = "Shop.API", "Services\Shop\API\Shop.API.csproj", "{0497D0EC-B741-4591-B600-5CF64119503A}"
EndProject
Project("{9A19103F-16F7-4668-BE54-9A1E7A4F7556}") = "Shop.Application", "Services\Shop\Application\Shop.Application.csproj", "{9D16CB7D-C668-4A54-A4A5-1AD2C7BE5D75}"
EndProject
Project("{9A19103F-16F7-4668-BE54-9A1E7A4F7556}") = "Shop.Core", "Services\Shop\Core\Shop.Core.csproj", "{862DFE3D-787C-4D33-B6F4-8258191340B5}"
EndProject
Project("{2150E333-8FDC-42A3-9474-1A3956D46DE8}") = "ApiGateways", "ApiGateways", "{F710F3F3-D7EB-448B-BDDE-0ABF87C559E4}"
EndProject
Project("{9A19103F-16F7-4668-BE54-9A1E7A4F7556}") = "OcelotApiGw", "ApiGateways\OcelotApiGw\OcelotApiGw.csproj", "{4FD9F753-C596-4B85-AB50-ECF5CA0A0909}"
EndProject
Project("{9A19103F-16F7-4668-BE54-9A1E7A4F7556}") = "Shop.Core.Shared", "Services\Shop\Application.Shared\Shop.Core.Shared.csproj", "{82275180-7EDF-4774-9874-AE90A4C0D97E}"
EndProject
Project("{9A19103F-16F7-4668-BE54-9A1E7A4F7556}") = "Shop.Persistence", "Services\Shop\Persistence\Shop.Persistence.csproj", "{87DB13A4-AF8C-41F5-B19E-A3082584F993}"
EndProject
Project("{9A19103F-16F7-4668-BE54-9A1E7A4F7556}") = "Shop.Infrastructure", "Services\Shop\Infrastructure\Shop.Infrastructure.csproj", "{298D53BB-7A72-4AC3-A570-F49A16A5DFAD}"
EndProject
Global
	GlobalSection(SolutionConfigurationPlatforms) = preSolution
		Debug|Any CPU = Debug|Any CPU
		Release|Any CPU = Release|Any CPU
	EndGlobalSection
	GlobalSection(ProjectConfigurationPlatforms) = postSolution
		{0497D0EC-B741-4591-B600-5CF64119503A}.Debug|Any CPU.ActiveCfg = Debug|Any CPU
		{0497D0EC-B741-4591-B600-5CF64119503A}.Debug|Any CPU.Build.0 = Debug|Any CPU
		{0497D0EC-B741-4591-B600-5CF64119503A}.Release|Any CPU.ActiveCfg = Release|Any CPU
		{0497D0EC-B741-4591-B600-5CF64119503A}.Release|Any CPU.Build.0 = Release|Any CPU
		{9D16CB7D-C668-4A54-A4A5-1AD2C7BE5D75}.Debug|Any CPU.ActiveCfg = Debug|Any CPU
		{9D16CB7D-C668-4A54-A4A5-1AD2C7BE5D75}.Debug|Any CPU.Build.0 = Debug|Any CPU
		{9D16CB7D-C668-4A54-A4A5-1AD2C7BE5D75}.Release|Any CPU.ActiveCfg = Release|Any CPU
		{9D16CB7D-C668-4A54-A4A5-1AD2C7BE5D75}.Release|Any CPU.Build.0 = Release|Any CPU
		{862DFE3D-787C-4D33-B6F4-8258191340B5}.Debug|Any CPU.ActiveCfg = Debug|Any CPU
		{862DFE3D-787C-4D33-B6F4-8258191340B5}.Debug|Any CPU.Build.0 = Debug|Any CPU
		{862DFE3D-787C-4D33-B6F4-8258191340B5}.Release|Any CPU.ActiveCfg = Release|Any CPU
		{862DFE3D-787C-4D33-B6F4-8258191340B5}.Release|Any CPU.Build.0 = Release|Any CPU
		{4FD9F753-C596-4B85-AB50-ECF5CA0A0909}.Debug|Any CPU.ActiveCfg = Debug|Any CPU
		{4FD9F753-C596-4B85-AB50-ECF5CA0A0909}.Debug|Any CPU.Build.0 = Debug|Any CPU
		{4FD9F753-C596-4B85-AB50-ECF5CA0A0909}.Release|Any CPU.ActiveCfg = Release|Any CPU
		{4FD9F753-C596-4B85-AB50-ECF5CA0A0909}.Release|Any CPU.Build.0 = Release|Any CPU
		{82275180-7EDF-4774-9874-AE90A4C0D97E}.Debug|Any CPU.ActiveCfg = Debug|Any CPU
		{82275180-7EDF-4774-9874-AE90A4C0D97E}.Debug|Any CPU.Build.0 = Debug|Any CPU
		{82275180-7EDF-4774-9874-AE90A4C0D97E}.Release|Any CPU.ActiveCfg = Release|Any CPU
		{82275180-7EDF-4774-9874-AE90A4C0D97E}.Release|Any CPU.Build.0 = Release|Any CPU
		{87DB13A4-AF8C-41F5-B19E-A3082584F993}.Debug|Any CPU.ActiveCfg = Debug|Any CPU
		{87DB13A4-AF8C-41F5-B19E-A3082584F993}.Debug|Any CPU.Build.0 = Debug|Any CPU
		{87DB13A4-AF8C-41F5-B19E-A3082584F993}.Release|Any CPU.ActiveCfg = Release|Any CPU
		{87DB13A4-AF8C-41F5-B19E-A3082584F993}.Release|Any CPU.Build.0 = Release|Any CPU
		{298D53BB-7A72-4AC3-A570-F49A16A5DFAD}.Debug|Any CPU.ActiveCfg = Debug|Any CPU
		{298D53BB-7A72-4AC3-A570-F49A16A5DFAD}.Debug|Any CPU.Build.0 = Debug|Any CPU
		{298D53BB-7A72-4AC3-A570-F49A16A5DFAD}.Release|Any CPU.ActiveCfg = Release|Any CPU
		{298D53BB-7A72-4AC3-A570-F49A16A5DFAD}.Release|Any CPU.Build.0 = Release|Any CPU
	EndGlobalSection
	GlobalSection(SolutionProperties) = preSolution
		HideSolutionNode = FALSE
	EndGlobalSection
	GlobalSection(NestedProjects) = preSolution
		{1BA02292-AC5C-422B-8BCD-E280CEEC3D7B} = {C6039739-0751-404B-9DDB-331538CB5E28}
		{0497D0EC-B741-4591-B600-5CF64119503A} = {1BA02292-AC5C-422B-8BCD-E280CEEC3D7B}
		{9D16CB7D-C668-4A54-A4A5-1AD2C7BE5D75} = {1BA02292-AC5C-422B-8BCD-E280CEEC3D7B}
		{862DFE3D-787C-4D33-B6F4-8258191340B5} = {1BA02292-AC5C-422B-8BCD-E280CEEC3D7B}
		{4FD9F753-C596-4B85-AB50-ECF5CA0A0909} = {F710F3F3-D7EB-448B-BDDE-0ABF87C559E4}
		{82275180-7EDF-4774-9874-AE90A4C0D97E} = {1BA02292-AC5C-422B-8BCD-E280CEEC3D7B}
		{87DB13A4-AF8C-41F5-B19E-A3082584F993} = {1BA02292-AC5C-422B-8BCD-E280CEEC3D7B}
		{298D53BB-7A72-4AC3-A570-F49A16A5DFAD} = {1BA02292-AC5C-422B-8BCD-E280CEEC3D7B}
	EndGlobalSection
	GlobalSection(ExtensibilityGlobals) = postSolution
		SolutionGuid = {4A795937-781A-464B-A9A5-1044AC0B435A}
	EndGlobalSection
EndGlobal
